{
  "name": "perritas-ricas-components",
  "version": "0.0.1",
  "lockfileVersion": 2,
  "requires": true,
  "packages": {
    "": {
      "name": "perritas-ricas-components",
      "version": "0.0.1",
      "license": "MIT",
      "devDependencies": {
        "@ionic/core": "^5.3.2",
        "@stencil/core": "^2.0.1"
      }
    },
    "node_modules/@ionic/core": {
      "version": "5.6.12",
      "resolved": "https://registry.npmjs.org/@ionic/core/-/core-5.6.12.tgz",
      "integrity": "sha512-qFQ8r0kdI2p5wT72EQOwBrIts7XD1qA7/vCR7OlHPTA+VDyiYSzpLcWcFZHzdXKQzbn7hYbCJr3IsBNmBYrZ1g==",
      "dev": true,
      "dependencies": {
        "@stencil/core": "^2.4.0",
        "ionicons": "^5.5.1",
        "tslib": "^2.1.0"
      }
    },
    "node_modules/@stencil/core": {
      "version": "2.6.0",
      "resolved": "https://registry.npmjs.org/@stencil/core/-/core-2.6.0.tgz",
      "integrity": "sha512-QsxWayZyusnqSZrlCl81R71rA3KqFjVVQSH4E0rGN15F1GdQaFonKlHLyCOLKLig1zzC+DQkLLiUuocexuvdeQ==",
      "dev": true,
      "bin": {
        "stencil": "bin/stencil"
      },
      "engines": {
        "node": ">=12.10.0",
        "npm": ">=6.0.0"
      }
    },
    "node_modules/ionicons": {
      "version": "5.5.2",
      "resolved": "https://registry.npmjs.org/ionicons/-/ionicons-5.5.2.tgz",
      "integrity": "sha512-SHVBBtzNVQjY4jtcqKEHkqL5nIQwA/o2MIdU9JtMz8kQAB0NRVJFv5AxwmVbXXKDpxz57SiEjeLp8Uzt7jirpw==",
      "dev": true,
      "dependencies": {
        "@stencil/core": "^2.5.0"
      }
    },
    "node_modules/tslib": {
      "version": "2.3.0",
      "resolved": "https://registry.npmjs.org/tslib/-/tslib-2.3.0.tgz",
      "integrity": "sha512-N82ooyxVNm6h1riLCoyS9e3fuJ3AMG2zIZs2Gd1ATcSFjSA23Q0fzjjZeh0jbJvWVDZ0cJT8yaNNaaXHzueNjg==",
      "dev": true
    }
  },
  "dependencies": {
    "@ionic/core": {
      "version": "5.6.12",
      "resolved": "https://registry.npmjs.org/@ionic/core/-/core-5.6.12.tgz",
      "integrity": "sha512-qFQ8r0kdI2p5wT72EQOwBrIts7XD1qA7/vCR7OlHPTA+VDyiYSzpLcWcFZHzdXKQzbn7hYbCJr3IsBNmBYrZ1g==",
      "dev": true,
      "requires": {
        "@stencil/core": "^2.4.0",
        "ionicons": "^5.5.1",
        "tslib": "^2.1.0"
      }
    },
    "@stencil/core": {
      "version": "2.6.0",
      "resolved": "https://registry.npmjs.org/@stencil/core/-/core-2.6.0.tgz",
      "integrity": "sha512-QsxWayZyusnqSZrlCl81R71rA3KqFjVVQSH4E0rGN15F1GdQaFonKlHLyCOLKLig1zzC+DQkLLiUuocexuvdeQ==",
      "dev": true
    },
    "ionicons": {
      "version": "5.5.2",
      "resolved": "https://registry.npmjs.org/ionicons/-/ionicons-5.5.2.tgz",
      "integrity": "sha512-SHVBBtzNVQjY4jtcqKEHkqL5nIQwA/o2MIdU9JtMz8kQAB0NRVJFv5AxwmVbXXKDpxz57SiEjeLp8Uzt7jirpw==",
      "dev": true,
      "requires": {
        "@stencil/core": "^2.5.0"
      }
    },
    "tslib": {
      "version": "2.3.0",
      "resolved": "https://registry.npmjs.org/tslib/-/tslib-2.3.0.tgz",
      "integrity": "sha512-N82ooyxVNm6h1riLCoyS9e3fuJ3AMG2zIZs2Gd1ATcSFjSA23Q0fzjjZeh0jbJvWVDZ0cJT8yaNNaaXHzueNjg==",
      "dev": true
    }
  }
}
